// !$*UTF8*$!
{
	archiveVersion = 1;
	classes = {
	};
	objectVersion = 55;
	objects = {

/* Begin PBXBuildFile section */
		1E1D5ECD285248B500729873 /* HTMLTagParser.swift in Sources */ = {isa = PBXBuildFile; fileRef = 1E1D5EB1285248B500729873 /* HTMLTagParser.swift */; };
		1E1D5ECE285248B500729873 /* HTMLToAttributedStringParser.swift in Sources */ = {isa = PBXBuildFile; fileRef = 1E1D5EB2285248B500729873 /* HTMLToAttributedStringParser.swift */; };
		1E1D5ED0285248B500729873 /* AttributedStringStyle.swift in Sources */ = {isa = PBXBuildFile; fileRef = 1E1D5EB4285248B500729873 /* AttributedStringStyle.swift */; };
		1E1D5ED2285248B500729873 /* HTMLStyleAttributedParser.swift in Sources */ = {isa = PBXBuildFile; fileRef = 1E1D5EB7285248B500729873 /* HTMLStyleAttributedParser.swift */; };
		1E1D5ED3285248B500729873 /* ATagParser.swift in Sources */ = {isa = PBXBuildFile; fileRef = 1E1D5EB9285248B500729873 /* ATagParser.swift */; };
		1E1D5ED9285248B500729873 /* BoldTagParser.swift in Sources */ = {isa = PBXBuildFile; fileRef = 1E1D5EBF285248B500729873 /* BoldTagParser.swift */; };
		1E1D5EDA285248B500729873 /* SpanTagParser.swift in Sources */ = {isa = PBXBuildFile; fileRef = 1E1D5EC0285248B500729873 /* SpanTagParser.swift */; };
		1E1D5EDB285248B500729873 /* HTMLTagParser+Extension.swift in Sources */ = {isa = PBXBuildFile; fileRef = 1E1D5EC1285248B500729873 /* HTMLTagParser+Extension.swift */; };
		1E1D5EDD285248B500729873 /* AttributedStringStyle+Extension.swift in Sources */ = {isa = PBXBuildFile; fileRef = 1E1D5EC3285248B500729873 /* AttributedStringStyle+Extension.swift */; };
		1E1D5EDE285248B500729873 /* DefaultTextStyle.swift in Sources */ = {isa = PBXBuildFile; fileRef = 1E1D5EC5285248B500729873 /* DefaultTextStyle.swift */; };
		1E1D5EE4285248B500729873 /* HTMLStripper.swift in Sources */ = {isa = PBXBuildFile; fileRef = 1E1D5ECC285248B500729873 /* HTMLStripper.swift */; };
		1E1D5EE62852492800729873 /* LinkStyle.swift in Sources */ = {isa = PBXBuildFile; fileRef = 1E1D5EE52852492800729873 /* LinkStyle.swift */; };
		1E1D5EE82852497F00729873 /* BoldStyle.swift in Sources */ = {isa = PBXBuildFile; fileRef = 1E1D5EE72852497F00729873 /* BoldStyle.swift */; };
		1E1D5EEA28524A2600729873 /* Error.swift in Sources */ = {isa = PBXBuildFile; fileRef = 1E1D5EE928524A2600729873 /* Error.swift */; };
		1EED4E22285248940068FEB5 /* AppDelegate.swift in Sources */ = {isa = PBXBuildFile; fileRef = 1EED4E21285248940068FEB5 /* AppDelegate.swift */; };
		1EED4E24285248940068FEB5 /* SceneDelegate.swift in Sources */ = {isa = PBXBuildFile; fileRef = 1EED4E23285248940068FEB5 /* SceneDelegate.swift */; };
		1EED4E26285248940068FEB5 /* ViewController.swift in Sources */ = {isa = PBXBuildFile; fileRef = 1EED4E25285248940068FEB5 /* ViewController.swift */; };
		1EED4E29285248940068FEB5 /* Main.storyboard in Resources */ = {isa = PBXBuildFile; fileRef = 1EED4E27285248940068FEB5 /* Main.storyboard */; };
		1EED4E2B285248950068FEB5 /* Assets.xcassets in Resources */ = {isa = PBXBuildFile; fileRef = 1EED4E2A285248950068FEB5 /* Assets.xcassets */; };
		1EED4E2E285248950068FEB5 /* LaunchScreen.storyboard in Resources */ = {isa = PBXBuildFile; fileRef = 1EED4E2C285248950068FEB5 /* LaunchScreen.storyboard */; };
/* End PBXBuildFile section */

/* Begin PBXFileReference section */
		1E1D5EB1285248B500729873 /* HTMLTagParser.swift */ = {isa = PBXFileReference; fileEncoding = 4; lastKnownFileType = sourcecode.swift; path = HTMLTagParser.swift; sourceTree = "<group>"; };
		1E1D5EB2285248B500729873 /* HTMLToAttributedStringParser.swift */ = {isa = PBXFileReference; fileEncoding = 4; lastKnownFileType = sourcecode.swift; path = HTMLToAttributedStringParser.swift; sourceTree = "<group>"; };
		1E1D5EB4285248B500729873 /* AttributedStringStyle.swift */ = {isa = PBXFileReference; fileEncoding = 4; lastKnownFileType = sourcecode.swift; path = AttributedStringStyle.swift; sourceTree = "<group>"; };
		1E1D5EB7285248B500729873 /* HTMLStyleAttributedParser.swift */ = {isa = PBXFileReference; fileEncoding = 4; lastKnownFileType = sourcecode.swift; path = HTMLStyleAttributedParser.swift; sourceTree = "<group>"; };
		1E1D5EB9285248B500729873 /* ATagParser.swift */ = {isa = PBXFileReference; fileEncoding = 4; lastKnownFileType = sourcecode.swift; path = ATagParser.swift; sourceTree = "<group>"; };
		1E1D5EBF285248B500729873 /* BoldTagParser.swift */ = {isa = PBXFileReference; fileEncoding = 4; lastKnownFileType = sourcecode.swift; path = BoldTagParser.swift; sourceTree = "<group>"; };
		1E1D5EC0285248B500729873 /* SpanTagParser.swift */ = {isa = PBXFileReference; fileEncoding = 4; lastKnownFileType = sourcecode.swift; path = SpanTagParser.swift; sourceTree = "<group>"; };
		1E1D5EC1285248B500729873 /* HTMLTagParser+Extension.swift */ = {isa = PBXFileReference; fileEncoding = 4; lastKnownFileType = sourcecode.swift; path = "HTMLTagParser+Extension.swift"; sourceTree = "<group>"; };
		1E1D5EC3285248B500729873 /* AttributedStringStyle+Extension.swift */ = {isa = PBXFileReference; fileEncoding = 4; lastKnownFileType = sourcecode.swift; path = "AttributedStringStyle+Extension.swift"; sourceTree = "<group>"; };
		1E1D5EC5285248B500729873 /* DefaultTextStyle.swift */ = {isa = PBXFileReference; fileEncoding = 4; lastKnownFileType = sourcecode.swift; path = DefaultTextStyle.swift; sourceTree = "<group>"; };
		1E1D5ECC285248B500729873 /* HTMLStripper.swift */ = {isa = PBXFileReference; fileEncoding = 4; lastKnownFileType = sourcecode.swift; path = HTMLStripper.swift; sourceTree = "<group>"; };
		1E1D5EE52852492800729873 /* LinkStyle.swift */ = {isa = PBXFileReference; lastKnownFileType = sourcecode.swift; path = LinkStyle.swift; sourceTree = "<group>"; };
		1E1D5EE72852497F00729873 /* BoldStyle.swift */ = {isa = PBXFileReference; lastKnownFileType = sourcecode.swift; path = BoldStyle.swift; sourceTree = "<group>"; };
		1E1D5EE928524A2600729873 /* Error.swift */ = {isa = PBXFileReference; lastKnownFileType = sourcecode.swift; path = Error.swift; sourceTree = "<group>"; };
		1EED4E1E285248940068FEB5 /* HTMLToAttributedStringRednerExample.app */ = {isa = PBXFileReference; explicitFileType = wrapper.application; includeInIndex = 0; path = HTMLToAttributedStringRednerExample.app; sourceTree = BUILT_PRODUCTS_DIR; };
		1EED4E21285248940068FEB5 /* AppDelegate.swift */ = {isa = PBXFileReference; lastKnownFileType = sourcecode.swift; path = AppDelegate.swift; sourceTree = "<group>"; };
		1EED4E23285248940068FEB5 /* SceneDelegate.swift */ = {isa = PBXFileReference; lastKnownFileType = sourcecode.swift; path = SceneDelegate.swift; sourceTree = "<group>"; };
		1EED4E25285248940068FEB5 /* ViewController.swift */ = {isa = PBXFileReference; lastKnownFileType = sourcecode.swift; path = ViewController.swift; sourceTree = "<group>"; };
		1EED4E28285248940068FEB5 /* Base */ = {isa = PBXFileReference; lastKnownFileType = file.storyboard; name = Base; path = Base.lproj/Main.storyboard; sourceTree = "<group>"; };
		1EED4E2A285248950068FEB5 /* Assets.xcassets */ = {isa = PBXFileReference; lastKnownFileType = folder.assetcatalog; path = Assets.xcassets; sourceTree = "<group>"; };
		1EED4E2D285248950068FEB5 /* Base */ = {isa = PBXFileReference; lastKnownFileType = file.storyboard; name = Base; path = Base.lproj/LaunchScreen.storyboard; sourceTree = "<group>"; };
		1EED4E2F285248950068FEB5 /* Info.plist */ = {isa = PBXFileReference; lastKnownFileType = text.plist.xml; path = Info.plist; sourceTree = "<group>"; };
/* End PBXFileReference section */

/* Begin PBXFrameworksBuildPhase section */
		1EED4E1B285248940068FEB5 /* Frameworks */ = {
			isa = PBXFrameworksBuildPhase;
			buildActionMask = 2147483647;
			files = (
			);
			runOnlyForDeploymentPostprocessing = 0;
		};
/* End PBXFrameworksBuildPhase section */

/* Begin PBXGroup section */
		1E1D5EAF285248B500729873 /* HTMLRender */ = {
			isa = PBXGroup;
			children = (
				1E1D5EB0285248B500729873 /* Core */,
				1E1D5EB5285248B500729873 /* Default */,
			);
			path = HTMLRender;
			sourceTree = "<group>";
		};
		1E1D5EB0285248B500729873 /* Core */ = {
			isa = PBXGroup;
			children = (
				1E1D5EB1285248B500729873 /* HTMLTagParser.swift */,
				1E1D5EB2285248B500729873 /* HTMLToAttributedStringParser.swift */,
				1E1D5EB4285248B500729873 /* AttributedStringStyle.swift */,
			);
			path = Core;
			sourceTree = "<group>";
		};
		1E1D5EB5285248B500729873 /* Default */ = {
			isa = PBXGroup;
			children = (
				1E1D5EB7285248B500729873 /* HTMLStyleAttributedParser.swift */,
				1E1D5EB8285248B500729873 /* Tag Parsers */,
				1E1D5EC1285248B500729873 /* HTMLTagParser+Extension.swift */,
				1E1D5EC3285248B500729873 /* AttributedStringStyle+Extension.swift */,
				1E1D5EC4285248B500729873 /* Style */,
			);
			path = Default;
			sourceTree = "<group>";
		};
		1E1D5EB8285248B500729873 /* Tag Parsers */ = {
			isa = PBXGroup;
			children = (
				1E1D5EB9285248B500729873 /* ATagParser.swift */,
				1E1D5EBF285248B500729873 /* BoldTagParser.swift */,
				1E1D5EC0285248B500729873 /* SpanTagParser.swift */,
			);
			path = "Tag Parsers";
			sourceTree = "<group>";
		};
		1E1D5EC4285248B500729873 /* Style */ = {
			isa = PBXGroup;
			children = (
				1E1D5EC5285248B500729873 /* DefaultTextStyle.swift */,
				1E1D5EE52852492800729873 /* LinkStyle.swift */,
				1E1D5EE72852497F00729873 /* BoldStyle.swift */,
			);
			path = Style;
			sourceTree = "<group>";
		};
		1EED4E15285248940068FEB5 = {
			isa = PBXGroup;
			children = (
				1EED4E20285248940068FEB5 /* HTMLToAttributedStringRednerExample */,
				1EED4E1F285248940068FEB5 /* Products */,
			);
			sourceTree = "<group>";
		};
		1EED4E1F285248940068FEB5 /* Products */ = {
			isa = PBXGroup;
			children = (
				1EED4E1E285248940068FEB5 /* HTMLToAttributedStringRednerExample.app */,
			);
			name = Products;
			sourceTree = "<group>";
		};
		1EED4E20285248940068FEB5 /* HTMLToAttributedStringRednerExample */ = {
			isa = PBXGroup;
			children = (
				1E1D5EAF285248B500729873 /* HTMLRender */,
				1E1D5ECC285248B500729873 /* HTMLStripper.swift */,
				1EED4E21285248940068FEB5 /* AppDelegate.swift */,
				1E1D5EE928524A2600729873 /* Error.swift */,
				1EED4E23285248940068FEB5 /* SceneDelegate.swift */,
				1EED4E25285248940068FEB5 /* ViewController.swift */,
				1EED4E27285248940068FEB5 /* Main.storyboard */,
				1EED4E2A285248950068FEB5 /* Assets.xcassets */,
				1EED4E2C285248950068FEB5 /* LaunchScreen.storyboard */,
				1EED4E2F285248950068FEB5 /* Info.plist */,
			);
			path = HTMLToAttributedStringRednerExample;
			sourceTree = "<group>";
		};
/* End PBXGroup section */

/* Begin PBXNativeTarget section */
		1EED4E1D285248940068FEB5 /* HTMLToAttributedStringRednerExample */ = {
			isa = PBXNativeTarget;
			buildConfigurationList = 1EED4E32285248950068FEB5 /* Build configuration list for PBXNativeTarget "HTMLToAttributedStringRednerExample" */;
			buildPhases = (
				1EED4E1A285248940068FEB5 /* Sources */,
				1EED4E1B285248940068FEB5 /* Frameworks */,
				1EED4E1C285248940068FEB5 /* Resources */,
			);
			buildRules = (
			);
			dependencies = (
			);
			name = HTMLToAttributedStringRednerExample;
			productName = HTMLToAttributedStringRednerExample;
			productReference = 1EED4E1E285248940068FEB5 /* HTMLToAttributedStringRednerExample.app */;
			productType = "com.apple.product-type.application";
		};
/* End PBXNativeTarget section */

/* Begin PBXProject section */
		1EED4E16285248940068FEB5 /* Project object */ = {
			isa = PBXProject;
			attributes = {
				BuildIndependentTargetsInParallel = 1;
				LastSwiftUpdateCheck = 1320;
				LastUpgradeCheck = 1320;
				TargetAttributes = {
					1EED4E1D285248940068FEB5 = {
						CreatedOnToolsVersion = 13.2.1;
					};
				};
			};
			buildConfigurationList = 1EED4E19285248940068FEB5 /* Build configuration list for PBXProject "HTMLToAttributedStringRednerExample" */;
			compatibilityVersion = "Xcode 13.0";
			developmentRegion = en;
			hasScannedForEncodings = 0;
			knownRegions = (
				en,
				Base,
			);
			mainGroup = 1EED4E15285248940068FEB5;
			productRefGroup = 1EED4E1F285248940068FEB5 /* Products */;
			projectDirPath = "";
			projectRoot = "";
			targets = (
				1EED4E1D285248940068FEB5 /* HTMLToAttributedStringRednerExample */,
			);
		};
/* End PBXProject section */

/* Begin PBXResourcesBuildPhase section */
		1EED4E1C285248940068FEB5 /* Resources */ = {
			isa = PBXResourcesBuildPhase;
			buildActionMask = 2147483647;
			files = (
				1EED4E2E285248950068FEB5 /* LaunchScreen.storyboard in Resources */,
				1EED4E2B285248950068FEB5 /* Assets.xcassets in Resources */,
				1EED4E29285248940068FEB5 /* Main.storyboard in Resources */,
			);
			runOnlyForDeploymentPostprocessing = 0;
		};
/* End PBXResourcesBuildPhase section */

/* Begin PBXSourcesBuildPhase section */
		1EED4E1A285248940068FEB5 /* Sources */ = {
			isa = PBXSourcesBuildPhase;
			buildActionMask = 2147483647;
			files = (
				1E1D5EDD285248B500729873 /* AttributedStringStyle+Extension.swift in Sources */,
				1E1D5EDE285248B500729873 /* DefaultTextStyle.swift in Sources */,
				1E1D5ECD285248B500729873 /* HTMLTagParser.swift in Sources */,
				1E1D5ECE285248B500729873 /* HTMLToAttributedStringParser.swift in Sources */,
				1EED4E26285248940068FEB5 /* ViewController.swift in Sources */,
				1E1D5EDA285248B500729873 /* SpanTagParser.swift in Sources */,
				1E1D5EDB285248B500729873 /* HTMLTagParser+Extension.swift in Sources */,
				1E1D5ED2285248B500729873 /* HTMLStyleAttributedParser.swift in Sources */,
				1E1D5ED9285248B500729873 /* BoldTagParser.swift in Sources */,
				1E1D5ED0285248B500729873 /* AttributedStringStyle.swift in Sources */,
				1E1D5EEA28524A2600729873 /* Error.swift in Sources */,
				1EED4E22285248940068FEB5 /* AppDelegate.swift in Sources */,
				1EED4E24285248940068FEB5 /* SceneDelegate.swift in Sources */,
				1E1D5EE82852497F00729873 /* BoldStyle.swift in Sources */,
				1E1D5EE62852492800729873 /* LinkStyle.swift in Sources */,
				1E1D5EE4285248B500729873 /* HTMLStripper.swift in Sources */,
				1E1D5ED3285248B500729873 /* ATagParser.swift in Sources */,
			);
			runOnlyForDeploymentPostprocessing = 0;
		};
/* End PBXSourcesBuildPhase section */

/* Begin PBXVariantGroup section */
		1EED4E27285248940068FEB5 /* Main.storyboard */ = {
			isa = PBXVariantGroup;
			children = (
				1EED4E28285248940068FEB5 /* Base */,
			);
			name = Main.storyboard;
			sourceTree = "<group>";
		};
		1EED4E2C285248950068FEB5 /* LaunchScreen.storyboard */ = {
			isa = PBXVariantGroup;
			children = (
				1EED4E2D285248950068FEB5 /* Base */,
			);
			name = LaunchScreen.storyboard;
			sourceTree = "<group>";
		};
/* End PBXVariantGroup section */

/* Begin XCBuildConfiguration section */
		1EED4E30285248950068FEB5 /* Debug */ = {
			isa = XCBuildConfiguration;
			buildSettings = {
				ALWAYS_SEARCH_USER_PATHS = NO;
				CLANG_ANALYZER_NONNULL = YES;
				CLANG_ANALYZER_NUMBER_OBJECT_CONVERSION = YES_AGGRESSIVE;
				CLANG_CXX_LANGUAGE_STANDARD = "gnu++17";
				CLANG_CXX_LIBRARY = "libc++";
				CLANG_ENABLE_MODULES = YES;
				CLANG_ENABLE_OBJC_ARC = YES;
				CLANG_ENABLE_OBJC_WEAK = YES;
				CLANG_WARN_BLOCK_CAPTURE_AUTORELEASING = YES;
				CLANG_WARN_BOOL_CONVERSION = YES;
				CLANG_WARN_COMMA = YES;
				CLANG_WARN_CONSTANT_CONVERSION = YES;
				CLANG_WARN_DEPRECATED_OBJC_IMPLEMENTATIONS = YES;
				CLANG_WARN_DIRECT_OBJC_ISA_USAGE = YES_ERROR;
				CLANG_WARN_DOCUMENTATION_COMMENTS = YES;
				CLANG_WARN_EMPTY_BODY = YES;
				CLANG_WARN_ENUM_CONVERSION = YES;
				CLANG_WARN_INFINITE_RECURSION = YES;
				CLANG_WARN_INT_CONVERSION = YES;
				CLANG_WARN_NON_LITERAL_NULL_CONVERSION = YES;
				CLANG_WARN_OBJC_IMPLICIT_RETAIN_SELF = YES;
				CLANG_WARN_OBJC_LITERAL_CONVERSION = YES;
				CLANG_WARN_OBJC_ROOT_CLASS = YES_ERROR;
				CLANG_WARN_QUOTED_INCLUDE_IN_FRAMEWORK_HEADER = YES;
				CLANG_WARN_RANGE_LOOP_ANALYSIS = YES;
				CLANG_WARN_STRICT_PROTOTYPES = YES;
				CLANG_WARN_SUSPICIOUS_MOVE = YES;
				CLANG_WARN_UNGUARDED_AVAILABILITY = YES_AGGRESSIVE;
				CLANG_WARN_UNREACHABLE_CODE = YES;
				CLANG_WARN__DUPLICATE_METHOD_MATCH = YES;
				COPY_PHASE_STRIP = NO;
				DEBUG_INFORMATION_FORMAT = dwarf;
				ENABLE_STRICT_OBJC_MSGSEND = YES;
				ENABLE_TESTABILITY = YES;
				GCC_C_LANGUAGE_STANDARD = gnu11;
				GCC_DYNAMIC_NO_PIC = NO;
				GCC_NO_COMMON_BLOCKS = YES;
				GCC_OPTIMIZATION_LEVEL = 0;
				GCC_PREPROCESSOR_DEFINITIONS = (
					"DEBUG=1",
					"$(inherited)",
				);
				GCC_WARN_64_TO_32_BIT_CONVERSION = YES;
				GCC_WARN_ABOUT_RETURN_TYPE = YES_ERROR;
				GCC_WARN_UNDECLARED_SELECTOR = YES;
				GCC_WARN_UNINITIALIZED_AUTOS = YES_AGGRESSIVE;
				GCC_WARN_UNUSED_FUNCTION = YES;
				GCC_WARN_UNUSED_VARIABLE = YES;
				IPHONEOS_DEPLOYMENT_TARGET = 15.2;
				MTL_ENABLE_DEBUG_INFO = INCLUDE_SOURCE;
				MTL_FAST_MATH = YES;
				ONLY_ACTIVE_ARCH = YES;
				SDKROOT = iphoneos;
				SWIFT_ACTIVE_COMPILATION_CONDITIONS = DEBUG;
				SWIFT_OPTIMIZATION_LEVEL = "-Onone";
			};
			name = Debug;
		};
		1EED4E31285248950068FEB5 /* Release */ = {
			isa = XCBuildConfiguration;
			buildSettings = {
				ALWAYS_SEARCH_USER_PATHS = NO;
				CLANG_ANALYZER_NONNULL = YES;
				CLANG_ANALYZER_NUMBER_OBJECT_CONVERSION = YES_AGGRESSIVE;
				CLANG_CXX_LANGUAGE_STANDARD = "gnu++17";
				CLANG_CXX_LIBRARY = "libc++";
				CLANG_ENABLE_MODULES = YES;
				CLANG_ENABLE_OBJC_ARC = YES;
				CLANG_ENABLE_OBJC_WEAK = YES;
				CLANG_WARN_BLOCK_CAPTURE_AUTORELEASING = YES;
				CLANG_WARN_BOOL_CONVERSION = YES;
				CLANG_WARN_COMMA = YES;
				CLANG_WARN_CONSTANT_CONVERSION = YES;
				CLANG_WARN_DEPRECATED_OBJC_IMPLEMENTATIONS = YES;
				CLANG_WARN_DIRECT_OBJC_ISA_USAGE = YES_ERROR;
				CLANG_WARN_DOCUMENTATION_COMMENTS = YES;
				CLANG_WARN_EMPTY_BODY = YES;
				CLANG_WARN_ENUM_CONVERSION = YES;
				CLANG_WARN_INFINITE_RECURSION = YES;
				CLANG_WARN_INT_CONVERSION = YES;
				CLANG_WARN_NON_LITERAL_NULL_CONVERSION = YES;
				CLANG_WARN_OBJC_IMPLICIT_RETAIN_SELF = YES;
				CLANG_WARN_OBJC_LITERAL_CONVERSION = YES;
				CLANG_WARN_OBJC_ROOT_CLASS = YES_ERROR;
				CLANG_WARN_QUOTED_INCLUDE_IN_FRAMEWORK_HEADER = YES;
				CLANG_WARN_RANGE_LOOP_ANALYSIS = YES;
				CLANG_WARN_STRICT_PROTOTYPES = YES;
				CLANG_WARN_SUSPICIOUS_MOVE = YES;
				CLANG_WARN_UNGUARDED_AVAILABILITY = YES_AGGRESSIVE;
				CLANG_WARN_UNREACHABLE_CODE = YES;
				CLANG_WARN__DUPLICATE_METHOD_MATCH = YES;
				COPY_PHASE_STRIP = NO;
				DEBUG_INFORMATION_FORMAT = "dwarf-with-dsym";
				ENABLE_NS_ASSERTIONS = NO;
				ENABLE_STRICT_OBJC_MSGSEND = YES;
				GCC_C_LANGUAGE_STANDARD = gnu11;
				GCC_NO_COMMON_BLOCKS = YES;
				GCC_WARN_64_TO_32_BIT_CONVERSION = YES;
				GCC_WARN_ABOUT_RETURN_TYPE = YES_ERROR;
				GCC_WARN_UNDECLARED_SELECTOR = YES;
				GCC_WARN_UNINITIALIZED_AUTOS = YES_AGGRESSIVE;
				GCC_WARN_UNUSED_FUNCTION = YES;
				GCC_WARN_UNUSED_VARIABLE = YES;
				IPHONEOS_DEPLOYMENT_TARGET = 15.2;
				MTL_ENABLE_DEBUG_INFO = NO;
				MTL_FAST_MATH = YES;
				SDKROOT = iphoneos;
				SWIFT_COMPILATION_MODE = wholemodule;
				SWIFT_OPTIMIZATION_LEVEL = "-O";
				VALIDATE_PRODUCT = YES;
			};
			name = Release;
		};
		1EED4E33285248950068FEB5 /* Debug */ = {
			isa = XCBuildConfiguration;
			buildSettings = {
				ASSETCATALOG_COMPILER_APPICON_NAME = AppIcon;
				ASSETCATALOG_COMPILER_GLOBAL_ACCENT_COLOR_NAME = AccentColor;
				CODE_SIGN_STYLE = Automatic;
				CURRENT_PROJECT_VERSION = 1;
				DEVELOPMENT_TEAM = 4U9BQ9X87W;
				GENERATE_INFOPLIST_FILE = YES;
				INFOPLIST_FILE = HTMLToAttributedStringRednerExample/Info.plist;
				INFOPLIST_KEY_UIApplicationSupportsIndirectInputEvents = YES;
				INFOPLIST_KEY_UILaunchStoryboardName = LaunchScreen;
				INFOPLIST_KEY_UIMainStoryboardFile = Main;
				INFOPLIST_KEY_UISupportedInterfaceOrientations_iPad = "UIInterfaceOrientationPortrait UIInterfaceOrientationPortraitUpsideDown UIInterfaceOrientationLandscapeLeft UIInterfaceOrientationLandscapeRight";
				INFOPLIST_KEY_UISupportedInterfaceOrientations_iPhone = "UIInterfaceOrientationPortrait UIInterfaceOrientationLandscapeLeft UIInterfaceOrientationLandscapeRight";
				LD_RUNPATH_SEARCH_PATHS = (
					"$(inherited)",
					"@executable_path/Frameworks",
				);
				MARKETING_VERSION = 1.0;
				PRODUCT_BUNDLE_IDENTIFIER = li.zhgchg.HTMLToAttributedStringRednerExample;
				PRODUCT_NAME = "$(TARGET_NAME)";
				SWIFT_EMIT_LOC_STRINGS = YES;
				SWIFT_VERSION = 5.0;
				TARGETED_DEVICE_FAMILY = "1,2";
			};
			name = Debug;
		};
		1EED4E34285248950068FEB5 /* Release */ = {
			isa = XCBuildConfiguration;
			buildSettings = {
				ASSETCATALOG_COMPILER_APPICON_NAME = AppIcon;
				ASSETCATALOG_COMPILER_GLOBAL_ACCENT_COLOR_NAME = AccentColor;
				CODE_SIGN_STYLE = Automatic;
				CURRENT_PROJECT_VERSION = 1;
				DEVELOPMENT_TEAM = 4U9BQ9X87W;
				GENERATE_INFOPLIST_FILE = YES;
				INFOPLIST_FILE = HTMLToAttributedStringRednerExample/Info.plist;
				INFOPLIST_KEY_UIApplicationSupportsIndirectInputEvents = YES;
				INFOPLIST_KEY_UILaunchStoryboardName = LaunchScreen;
				INFOPLIST_KEY_UIMainStoryboardFile = Main;
				INFOPLIST_KEY_UISupportedInterfaceOrientations_iPad = "UIInterfaceOrientationPortrait UIInterfaceOrientationPortraitUpsideDown UIInterfaceOrientationLandscapeLeft UIInterfaceOrientationLandscapeRight";
				INFOPLIST_KEY_UISupportedInterfaceOrientations_iPhone = "UIInterfaceOrientationPortrait UIInterfaceOrientationLandscapeLeft UIInterfaceOrientationLandscapeRight";
				LD_RUNPATH_SEARCH_PATHS = (
					"$(inherited)",
					"@executable_path/Frameworks",
				);
				MARKETING_VERSION = 1.0;
				PRODUCT_BUNDLE_IDENTIFIER = li.zhgchg.HTMLToAttributedStringRednerExample;
				PRODUCT_NAME = "$(TARGET_NAME)";
				SWIFT_EMIT_LOC_STRINGS = YES;
				SWIFT_VERSION = 5.0;
				TARGETED_DEVICE_FAMILY = "1,2";
			};
			name = Release;
		};
/* End XCBuildConfiguration section */

/* Begin XCConfigurationList section */
		1EED4E19285248940068FEB5 /* Build configuration list for PBXProject "HTMLToAttributedStringRednerExample" */ = {
			isa = XCConfigurationList;
			buildConfigurations = (
				1EED4E30285248950068FEB5 /* Debug */,
				1EED4E31285248950068FEB5 /* Release */,
			);
			defaultConfigurationIsVisible = 0;
			defaultConfigurationName = Release;
		};
		1EED4E32285248950068FEB5 /* Build configuration list for PBXNativeTarget "HTMLToAttributedStringRednerExample" */ = {
			isa = XCConfigurationList;
			buildConfigurations = (
				1EED4E33285248950068FEB5 /* Debug */,
				1EED4E34285248950068FEB5 /* Release */,
			);
			defaultConfigurationIsVisible = 0;
			defaultConfigurationName = Release;
		};
/* End XCConfigurationList section */
	};
	rootObject = 1EED4E16285248940068FEB5 /* Project object */;
}
